
Microsoft Visual Studio Solution File, Format Version 12.00
# Visual Studio Version 16
VisualStudioVersion = 16.0.29926.136
MinimumVisualStudioVersion = 10.0.40219.1
Project("{FAE04EC0-301F-11D3-BF4B-00C04F79EFBC}") = "Nuclear.Common", "Nuclear.Common\Nuclear.Common.csproj", "{64821CD5-43B4-481A-A6C5-98D351364385}"
EndProject
Project("{FAE04EC0-301F-11D3-BF4B-00C04F79EFBC}") = "Nuclear.Client", "Nuclear.Client\Nuclear.Client.csproj", "{6B120954-53BE-4832-B52D-84AE9F8AEEBD}"
EndProject
Project("{FAE04EC0-301F-11D3-BF4B-00C04F79EFBC}") = "Nuclear.Server", "Nuclear.Server\Nuclear.Server.csproj", "{ED6BB7F5-4FAC-4BFE-8D52-D33521A1634F}"
EndProject
Project("{FAE04EC0-301F-11D3-BF4B-00C04F79EFBC}") = "Nuclear.Server.Application", "Nuclear.Server.Application\Nuclear.Server.Application.csproj", "{6A9ECDE9-FDAC-4B8E-A00C-6542ECF713C8}"
EndProject
Project("{FAE04EC0-301F-11D3-BF4B-00C04F79EFBC}") = "Nuclear.Client.Application", "Nuclear.Client.Application\Nuclear.Client.Application.csproj", "{8E8D19E0-A41B-410C-B083-DA73675D6660}"
EndProject
Global
	GlobalSection(SolutionConfigurationPlatforms) = preSolution
		Debug|Any CPU = Debug|Any CPU
		Release|Any CPU = Release|Any CPU
	EndGlobalSection
	GlobalSection(ProjectConfigurationPlatforms) = postSolution
		{64821CD5-43B4-481A-A6C5-98D351364385}.Debug|Any CPU.ActiveCfg = Debug|Any CPU
		{64821CD5-43B4-481A-A6C5-98D351364385}.Debug|Any CPU.Build.0 = Debug|Any CPU
		{64821CD5-43B4-481A-A6C5-98D351364385}.Release|Any CPU.ActiveCfg = Release|Any CPU
		{64821CD5-43B4-481A-A6C5-98D351364385}.Release|Any CPU.Build.0 = Release|Any CPU
		{6B120954-53BE-4832-B52D-84AE9F8AEEBD}.Debug|Any CPU.ActiveCfg = Debug|Any CPU
		{6B120954-53BE-4832-B52D-84AE9F8AEEBD}.Debug|Any CPU.Build.0 = Debug|Any CPU
		{6B120954-53BE-4832-B52D-84AE9F8AEEBD}.Release|Any CPU.ActiveCfg = Release|Any CPU
		{6B120954-53BE-4832-B52D-84AE9F8AEEBD}.Release|Any CPU.Build.0 = Release|Any CPU
		{ED6BB7F5-4FAC-4BFE-8D52-D33521A1634F}.Debug|Any CPU.ActiveCfg = Debug|Any CPU
		{ED6BB7F5-4FAC-4BFE-8D52-D33521A1634F}.Debug|Any CPU.Build.0 = Debug|Any CPU
		{ED6BB7F5-4FAC-4BFE-8D52-D33521A1634F}.Release|Any CPU.ActiveCfg = Release|Any CPU
		{ED6BB7F5-4FAC-4BFE-8D52-D33521A1634F}.Release|Any CPU.Build.0 = Release|Any CPU
		{6A9ECDE9-FDAC-4B8E-A00C-6542ECF713C8}.Debug|Any CPU.ActiveCfg = Debug|Any CPU
		{6A9ECDE9-FDAC-4B8E-A00C-6542ECF713C8}.Debug|Any CPU.Build.0 = Debug|Any CPU
		{6A9ECDE9-FDAC-4B8E-A00C-6542ECF713C8}.Release|Any CPU.ActiveCfg = Release|Any CPU
		{6A9ECDE9-FDAC-4B8E-A00C-6542ECF713C8}.Release|Any CPU.Build.0 = Release|Any CPU
		{8E8D19E0-A41B-410C-B083-DA73675D6660}.Debug|Any CPU.ActiveCfg = Debug|Any CPU
		{8E8D19E0-A41B-410C-B083-DA73675D6660}.Debug|Any CPU.Build.0 = Debug|Any CPU
		{8E8D19E0-A41B-410C-B083-DA73675D6660}.Release|Any CPU.ActiveCfg = Release|Any CPU
		{8E8D19E0-A41B-410C-B083-DA73675D6660}.Release|Any CPU.Build.0 = Release|Any CPU
	EndGlobalSection
	GlobalSection(SolutionProperties) = preSolution
		HideSolutionNode = FALSE
	EndGlobalSection
	GlobalSection(ExtensibilityGlobals) = postSolution
		SolutionGuid = {F3621767-8540-46B3-9A8C-F24189B1CE61}
	EndGlobalSection
EndGlobal
